
Microsoft Visual Studio Solution File, Format Version 11.00
# Visual Studio 2010
Project("{8BC9CEB8-8B4A-11D0-8D11-00A0C91BC942}") = "Selection_Sort", "Test\Test.vcxproj", "{36010CFB-033C-4982-86EA-9E34A210DB70}"
EndProject
Project("{8BC9CEB8-8B4A-11D0-8D11-00A0C91BC942}") = "Binary_Search", "Binary_Search\Binary_Search.vcxproj", "{AD09FCDA-ACB0-4A4F-ADCD-357C47E0E054}"
EndProject
Project("{8BC9CEB8-8B4A-11D0-8D11-00A0C91BC942}") = "GCD", "GCD\GCD.vcxproj", "{10119185-E5F5-4E54-A023-5BA6CF01D85F}"
EndProject
Project("{8BC9CEB8-8B4A-11D0-8D11-00A0C91BC942}") = "SimpleLinkedList", "SimpleLinkedList\SimpleLinkedList.vcxproj", "{5302BFF9-B738-49CC-92C4-A4B392F20A6C}"
EndProject
Project("{8BC9CEB8-8B4A-11D0-8D11-00A0C91BC942}") = "Count_Sort", "Count_Sort\Count_Sort.vcxproj", "{A16D77CB-38CE-4CC0-80DC-20995A26989A}"
EndProject
Project("{8BC9CEB8-8B4A-11D0-8D11-00A0C91BC942}") = "Radix_Sort", "Radix_Sort\Radix_Sort.vcxproj", "{D5623050-2CC3-4D39-82F4-34A6AE28039D}"
EndProject
Project("{8BC9CEB8-8B4A-11D0-8D11-00A0C91BC942}") = "Poker_Sort", "Poker_Sort\Poker_Sort.vcxproj", "{6C128CDF-2DE7-48DB-B7E6-E456EB50A760}"
EndProject
Project("{8BC9CEB8-8B4A-11D0-8D11-00A0C91BC942}") = "Binary_Tree", "Binary_Tree\Binary_Tree.vcxproj", "{0A169161-278F-4438-A785-BF742804855F}"
EndProject
Project("{8BC9CEB8-8B4A-11D0-8D11-00A0C91BC942}") = "AVL_Binary_Tree", "AVL_Binary_Tree\AVL_Binary_Tree.vcxproj", "{C137A76C-A121-4D5C-AFB4-B0BC46980EA4}"
EndProject
Project("{8BC9CEB8-8B4A-11D0-8D11-00A0C91BC942}") = "Linked_Hash", "Linked_Hash\Linked_Hash.vcxproj", "{790E4891-EFF5-41B4-827A-8BFA74CF2443}"
EndProject
Project("{8BC9CEB8-8B4A-11D0-8D11-00A0C91BC942}") = "Priority_Queue", "Priority_Queue\Priority_Queue.vcxproj", "{13B72705-65CC-42C3-9045-A1337853CB79}"
EndProject
Project("{8BC9CEB8-8B4A-11D0-8D11-00A0C91BC942}") = "Insert_Sort", "Insert_Sort\Insert_Sort.vcxproj", "{C61A0617-4465-4DD6-B187-E765D914F7AB}"
EndProject
Project("{8BC9CEB8-8B4A-11D0-8D11-00A0C91BC942}") = "Shell_Sort", "Shell_Short\Shell_Short.vcxproj", "{FBD4650C-9F71-4A69-939A-4325F6B1F2E8}"
EndProject
Project("{8BC9CEB8-8B4A-11D0-8D11-00A0C91BC942}") = "merge_Sort", "merge_Sort\merge_Sort.vcxproj", "{73481A25-FD8C-4BCB-AB28-289A16992160}"
EndProject
Project("{8BC9CEB8-8B4A-11D0-8D11-00A0C91BC942}") = "Bubble_Sort", "Bubble_Sort\Bubble_Sort.vcxproj", "{B6F47E63-66BE-4567-942D-7155AF3AE52B}"
EndProject
Project("{8BC9CEB8-8B4A-11D0-8D11-00A0C91BC942}") = "Quick_Sort", "Quick_Sort\Quick_Sort.vcxproj", "{0D682A1F-C5E1-4894-A1EA-4DAECB396750}"
EndProject
Project("{8BC9CEB8-8B4A-11D0-8D11-00A0C91BC942}") = "Graph", "Graph\Graph.vcxproj", "{3242EB32-7DEB-4086-8DDE-2B952A95696E}"
EndProject
Project("{8BC9CEB8-8B4A-11D0-8D11-00A0C91BC942}") = "dijkstra_NoCircle", "dijkstra\dijkstra.vcxproj", "{F893DB31-EA97-488D-AE8A-CBBB883DC4C9}"
EndProject
Project("{8BC9CEB8-8B4A-11D0-8D11-00A0C91BC942}") = "dijkstra_Circle", "dijkstra_Circle\dijkstra_Circle.vcxproj", "{9D329695-60DB-45F9-8C0C-1A7726F3958A}"
EndProject
Project("{8BC9CEB8-8B4A-11D0-8D11-00A0C91BC942}") = "knapsack_Greedy_NON 0-1", "knapsack\knapsack.vcxproj", "{455A0AA7-4217-4530-8938-F721F4B6DD9E}"
EndProject
Project("{8BC9CEB8-8B4A-11D0-8D11-00A0C91BC942}") = "Fibonacci", "Fibonacci\Fibonacci.vcxproj", "{9E0792AF-D041-45DF-94FC-58551914CAE7}"
EndProject
Project("{8BC9CEB8-8B4A-11D0-8D11-00A0C91BC942}") = "knapsack_DP", "knapsack_DP\knapsack_DP.vcxproj", "{5CABB2F4-02DA-49EB-B379-469F0BDE989E}"
EndProject
Project("{8BC9CEB8-8B4A-11D0-8D11-00A0C91BC942}") = "HEX_TO_BIN", "C_Test\C_Test.vcxproj", "{611D9386-7C88-49F1-A886-B020026451D7}"
EndProject
Project("{8BC9CEB8-8B4A-11D0-8D11-00A0C91BC942}") = "C_Exception", "C_Exception\C_Exception.vcxproj", "{80D487F9-5D09-4095-A27E-C97689133517}"
EndProject
Project("{8BC9CEB8-8B4A-11D0-8D11-00A0C91BC942}") = "Exc1", "Exc1\Exc1.vcxproj", "{B9C32CD8-E693-4070-BABF-FC432E1B6D19}"
EndProject
Project("{8BC9CEB8-8B4A-11D0-8D11-00A0C91BC942}") = "Exc2", "Exc2\Exc2.vcxproj", "{5CA46A2D-8DCC-44D9-BAAE-2DEA1C129E0B}"
EndProject
Global
	GlobalSection(SolutionConfigurationPlatforms) = preSolution
		Debug|Win32 = Debug|Win32
		Release|Win32 = Release|Win32
	EndGlobalSection
	GlobalSection(ProjectConfigurationPlatforms) = postSolution
		{36010CFB-033C-4982-86EA-9E34A210DB70}.Debug|Win32.ActiveCfg = Debug|Win32
		{36010CFB-033C-4982-86EA-9E34A210DB70}.Debug|Win32.Build.0 = Debug|Win32
		{36010CFB-033C-4982-86EA-9E34A210DB70}.Release|Win32.ActiveCfg = Release|Win32
		{36010CFB-033C-4982-86EA-9E34A210DB70}.Release|Win32.Build.0 = Release|Win32
		{AD09FCDA-ACB0-4A4F-ADCD-357C47E0E054}.Debug|Win32.ActiveCfg = Debug|Win32
		{AD09FCDA-ACB0-4A4F-ADCD-357C47E0E054}.Debug|Win32.Build.0 = Debug|Win32
		{AD09FCDA-ACB0-4A4F-ADCD-357C47E0E054}.Release|Win32.ActiveCfg = Release|Win32
		{AD09FCDA-ACB0-4A4F-ADCD-357C47E0E054}.Release|Win32.Build.0 = Release|Win32
		{10119185-E5F5-4E54-A023-5BA6CF01D85F}.Debug|Win32.ActiveCfg = Debug|Win32
		{10119185-E5F5-4E54-A023-5BA6CF01D85F}.Debug|Win32.Build.0 = Debug|Win32
		{10119185-E5F5-4E54-A023-5BA6CF01D85F}.Release|Win32.ActiveCfg = Release|Win32
		{10119185-E5F5-4E54-A023-5BA6CF01D85F}.Release|Win32.Build.0 = Release|Win32
		{5302BFF9-B738-49CC-92C4-A4B392F20A6C}.Debug|Win32.ActiveCfg = Debug|Win32
		{5302BFF9-B738-49CC-92C4-A4B392F20A6C}.Debug|Win32.Build.0 = Debug|Win32
		{5302BFF9-B738-49CC-92C4-A4B392F20A6C}.Release|Win32.ActiveCfg = Release|Win32
		{5302BFF9-B738-49CC-92C4-A4B392F20A6C}.Release|Win32.Build.0 = Release|Win32
		{A16D77CB-38CE-4CC0-80DC-20995A26989A}.Debug|Win32.ActiveCfg = Debug|Win32
		{A16D77CB-38CE-4CC0-80DC-20995A26989A}.Debug|Win32.Build.0 = Debug|Win32
		{A16D77CB-38CE-4CC0-80DC-20995A26989A}.Release|Win32.ActiveCfg = Release|Win32
		{A16D77CB-38CE-4CC0-80DC-20995A26989A}.Release|Win32.Build.0 = Release|Win32
		{D5623050-2CC3-4D39-82F4-34A6AE28039D}.Debug|Win32.ActiveCfg = Debug|Win32
		{D5623050-2CC3-4D39-82F4-34A6AE28039D}.Debug|Win32.Build.0 = Debug|Win32
		{D5623050-2CC3-4D39-82F4-34A6AE28039D}.Release|Win32.ActiveCfg = Release|Win32
		{D5623050-2CC3-4D39-82F4-34A6AE28039D}.Release|Win32.Build.0 = Release|Win32
		{6C128CDF-2DE7-48DB-B7E6-E456EB50A760}.Debug|Win32.ActiveCfg = Debug|Win32
		{6C128CDF-2DE7-48DB-B7E6-E456EB50A760}.Debug|Win32.Build.0 = Debug|Win32
		{6C128CDF-2DE7-48DB-B7E6-E456EB50A760}.Release|Win32.ActiveCfg = Release|Win32
		{6C128CDF-2DE7-48DB-B7E6-E456EB50A760}.Release|Win32.Build.0 = Release|Win32
		{0A169161-278F-4438-A785-BF742804855F}.Debug|Win32.ActiveCfg = Debug|Win32
		{0A169161-278F-4438-A785-BF742804855F}.Debug|Win32.Build.0 = Debug|Win32
		{0A169161-278F-4438-A785-BF742804855F}.Release|Win32.ActiveCfg = Release|Win32
		{0A169161-278F-4438-A785-BF742804855F}.Release|Win32.Build.0 = Release|Win32
		{C137A76C-A121-4D5C-AFB4-B0BC46980EA4}.Debug|Win32.ActiveCfg = Debug|Win32
		{C137A76C-A121-4D5C-AFB4-B0BC46980EA4}.Debug|Win32.Build.0 = Debug|Win32
		{C137A76C-A121-4D5C-AFB4-B0BC46980EA4}.Release|Win32.ActiveCfg = Release|Win32
		{C137A76C-A121-4D5C-AFB4-B0BC46980EA4}.Release|Win32.Build.0 = Release|Win32
		{790E4891-EFF5-41B4-827A-8BFA74CF2443}.Debug|Win32.ActiveCfg = Debug|Win32
		{790E4891-EFF5-41B4-827A-8BFA74CF2443}.Debug|Win32.Build.0 = Debug|Win32
		{790E4891-EFF5-41B4-827A-8BFA74CF2443}.Release|Win32.ActiveCfg = Release|Win32
		{790E4891-EFF5-41B4-827A-8BFA74CF2443}.Release|Win32.Build.0 = Release|Win32
		{13B72705-65CC-42C3-9045-A1337853CB79}.Debug|Win32.ActiveCfg = Debug|Win32
		{13B72705-65CC-42C3-9045-A1337853CB79}.Debug|Win32.Build.0 = Debug|Win32
		{13B72705-65CC-42C3-9045-A1337853CB79}.Release|Win32.ActiveCfg = Release|Win32
		{13B72705-65CC-42C3-9045-A1337853CB79}.Release|Win32.Build.0 = Release|Win32
		{C61A0617-4465-4DD6-B187-E765D914F7AB}.Debug|Win32.ActiveCfg = Debug|Win32
		{C61A0617-4465-4DD6-B187-E765D914F7AB}.Debug|Win32.Build.0 = Debug|Win32
		{C61A0617-4465-4DD6-B187-E765D914F7AB}.Release|Win32.ActiveCfg = Release|Win32
		{C61A0617-4465-4DD6-B187-E765D914F7AB}.Release|Win32.Build.0 = Release|Win32
		{FBD4650C-9F71-4A69-939A-4325F6B1F2E8}.Debug|Win32.ActiveCfg = Debug|Win32
		{FBD4650C-9F71-4A69-939A-4325F6B1F2E8}.Debug|Win32.Build.0 = Debug|Win32
		{FBD4650C-9F71-4A69-939A-4325F6B1F2E8}.Release|Win32.ActiveCfg = Release|Win32
		{FBD4650C-9F71-4A69-939A-4325F6B1F2E8}.Release|Win32.Build.0 = Release|Win32
		{73481A25-FD8C-4BCB-AB28-289A16992160}.Debug|Win32.ActiveCfg = Debug|Win32
		{73481A25-FD8C-4BCB-AB28-289A16992160}.Debug|Win32.Build.0 = Debug|Win32
		{73481A25-FD8C-4BCB-AB28-289A16992160}.Release|Win32.ActiveCfg = Release|Win32
		{73481A25-FD8C-4BCB-AB28-289A16992160}.Release|Win32.Build.0 = Release|Win32
		{B6F47E63-66BE-4567-942D-7155AF3AE52B}.Debug|Win32.ActiveCfg = Debug|Win32
		{B6F47E63-66BE-4567-942D-7155AF3AE52B}.Debug|Win32.Build.0 = Debug|Win32
		{B6F47E63-66BE-4567-942D-7155AF3AE52B}.Release|Win32.ActiveCfg = Release|Win32
		{B6F47E63-66BE-4567-942D-7155AF3AE52B}.Release|Win32.Build.0 = Release|Win32
		{0D682A1F-C5E1-4894-A1EA-4DAECB396750}.Debug|Win32.ActiveCfg = Debug|Win32
		{0D682A1F-C5E1-4894-A1EA-4DAECB396750}.Debug|Win32.Build.0 = Debug|Win32
		{0D682A1F-C5E1-4894-A1EA-4DAECB396750}.Release|Win32.ActiveCfg = Release|Win32
		{0D682A1F-C5E1-4894-A1EA-4DAECB396750}.Release|Win32.Build.0 = Release|Win32
		{3242EB32-7DEB-4086-8DDE-2B952A95696E}.Debug|Win32.ActiveCfg = Debug|Win32
		{3242EB32-7DEB-4086-8DDE-2B952A95696E}.Debug|Win32.Build.0 = Debug|Win32
		{3242EB32-7DEB-4086-8DDE-2B952A95696E}.Release|Win32.ActiveCfg = Release|Win32
		{3242EB32-7DEB-4086-8DDE-2B952A95696E}.Release|Win32.Build.0 = Release|Win32
		{F893DB31-EA97-488D-AE8A-CBBB883DC4C9}.Debug|Win32.ActiveCfg = Debug|Win32
		{F893DB31-EA97-488D-AE8A-CBBB883DC4C9}.Debug|Win32.Build.0 = Debug|Win32
		{F893DB31-EA97-488D-AE8A-CBBB883DC4C9}.Release|Win32.ActiveCfg = Release|Win32
		{F893DB31-EA97-488D-AE8A-CBBB883DC4C9}.Release|Win32.Build.0 = Release|Win32
		{9D329695-60DB-45F9-8C0C-1A7726F3958A}.Debug|Win32.ActiveCfg = Debug|Win32
		{9D329695-60DB-45F9-8C0C-1A7726F3958A}.Debug|Win32.Build.0 = Debug|Win32
		{9D329695-60DB-45F9-8C0C-1A7726F3958A}.Release|Win32.ActiveCfg = Release|Win32
		{9D329695-60DB-45F9-8C0C-1A7726F3958A}.Release|Win32.Build.0 = Release|Win32
		{455A0AA7-4217-4530-8938-F721F4B6DD9E}.Debug|Win32.ActiveCfg = Debug|Win32
		{455A0AA7-4217-4530-8938-F721F4B6DD9E}.Debug|Win32.Build.0 = Debug|Win32
		{455A0AA7-4217-4530-8938-F721F4B6DD9E}.Release|Win32.ActiveCfg = Release|Win32
		{455A0AA7-4217-4530-8938-F721F4B6DD9E}.Release|Win32.Build.0 = Release|Win32
		{9E0792AF-D041-45DF-94FC-58551914CAE7}.Debug|Win32.ActiveCfg = Debug|Win32
		{9E0792AF-D041-45DF-94FC-58551914CAE7}.Debug|Win32.Build.0 = Debug|Win32
		{9E0792AF-D041-45DF-94FC-58551914CAE7}.Release|Win32.ActiveCfg = Release|Win32
		{9E0792AF-D041-45DF-94FC-58551914CAE7}.Release|Win32.Build.0 = Release|Win32
		{5CABB2F4-02DA-49EB-B379-469F0BDE989E}.Debug|Win32.ActiveCfg = Debug|Win32
		{5CABB2F4-02DA-49EB-B379-469F0BDE989E}.Debug|Win32.Build.0 = Debug|Win32
		{5CABB2F4-02DA-49EB-B379-469F0BDE989E}.Release|Win32.ActiveCfg = Release|Win32
		{5CABB2F4-02DA-49EB-B379-469F0BDE989E}.Release|Win32.Build.0 = Release|Win32
		{611D9386-7C88-49F1-A886-B020026451D7}.Debug|Win32.ActiveCfg = Debug|Win32
		{611D9386-7C88-49F1-A886-B020026451D7}.Debug|Win32.Build.0 = Debug|Win32
		{611D9386-7C88-49F1-A886-B020026451D7}.Release|Win32.ActiveCfg = Release|Win32
		{611D9386-7C88-49F1-A886-B020026451D7}.Release|Win32.Build.0 = Release|Win32
		{80D487F9-5D09-4095-A27E-C97689133517}.Debug|Win32.ActiveCfg = Debug|Win32
		{80D487F9-5D09-4095-A27E-C97689133517}.Debug|Win32.Build.0 = Debug|Win32
		{80D487F9-5D09-4095-A27E-C97689133517}.Release|Win32.ActiveCfg = Release|Win32
		{80D487F9-5D09-4095-A27E-C97689133517}.Release|Win32.Build.0 = Release|Win32
		{B9C32CD8-E693-4070-BABF-FC432E1B6D19}.Debug|Win32.ActiveCfg = Debug|Win32
		{B9C32CD8-E693-4070-BABF-FC432E1B6D19}.Debug|Win32.Build.0 = Debug|Win32
		{B9C32CD8-E693-4070-BABF-FC432E1B6D19}.Release|Win32.ActiveCfg = Release|Win32
		{B9C32CD8-E693-4070-BABF-FC432E1B6D19}.Release|Win32.Build.0 = Release|Win32
		{5CA46A2D-8DCC-44D9-BAAE-2DEA1C129E0B}.Debug|Win32.ActiveCfg = Debug|Win32
		{5CA46A2D-8DCC-44D9-BAAE-2DEA1C129E0B}.Debug|Win32.Build.0 = Debug|Win32
		{5CA46A2D-8DCC-44D9-BAAE-2DEA1C129E0B}.Release|Win32.ActiveCfg = Release|Win32
		{5CA46A2D-8DCC-44D9-BAAE-2DEA1C129E0B}.Release|Win32.Build.0 = Release|Win32
	EndGlobalSection
	GlobalSection(SolutionProperties) = preSolution
		HideSolutionNode = FALSE
	EndGlobalSection
EndGlobal
